{
    "_readme": [
        "This file locks the dependencies of your project to a known state",
        "Read more about it at https://getcomposer.org/doc/01-basic-usage.md#composer-lock-the-lock-file",
        "This file is @generated automatically"
    ],
    "hash": "c2c90b87a2ea052e4141eb5f0ab732b3",
    "content-hash": "d4556b52686c40600c845a50515590f2",
    "packages": [
        {
            "name": "seanmorris/theme",
            "version": "1.0.5",
            "source": {
                "type": "git",
                "url": "https://github.com/seanmorris/theme.git",
                "reference": "f6fc74e96fe1249af1fb57e80248d674a7f4be64"
            },
            "dist": {
                "type": "zip",
                "url": "https://api.github.com/repos/seanmorris/theme/zipball/f6fc74e96fe1249af1fb57e80248d674a7f4be64",
                "reference": "f6fc74e96fe1249af1fb57e80248d674a7f4be64",
                "shasum": ""
            },
            "require-dev": {
                "simpletest/simpletest": "dev-master"
            },
            "type": "library",
            "autoload": {
                "psr-4": {
                    "SeanMorris\\Theme\\Test\\": "test/",
                    "SeanMorris\\Theme\\": "source/"
                }
            },
            "notification-url": "https://packagist.org/downloads/",
            "license": [
                "Apache-2.0"
            ],
            "authors": [
                {
                    "name": "Sean Morris",
                    "email": "sean@sean-morris.com"
                }
            ],
            "description": "Simple, sane templating and theming for PHP",
            "time": "2016-02-28 21:20:29"
        }
    ],
    "packages-dev": [
        {
            "name": "simpletest/simpletest",
            "version": "v1.1.7",
            "source": {
                "type": "git",
                "url": "https://github.com/simpletest/simpletest.git",
                "reference": "2f8c466c114bdb9c11028a0c3e6d1380ae6a18dc"
            },
            "dist": {
                "type": "zip",
                "url": "https://api.github.com/repos/simpletest/simpletest/zipball/2f8c466c114bdb9c11028a0c3e6d1380ae6a18dc",
                "reference": "2f8c466c114bdb9c11028a0c3e6d1380ae6a18dc",
                "shasum": ""
            },
            "require": {
                "php": ">=5.0.5"
            },
            "replace": {
                "lastcraft/simpletest": "self.version",
                "vierbergenlars/simpletest": "self.version"
            },
            "type": "library",
            "autoload": {
                "classmap": [
                    "."
                ]
            },
            "notification-url": "https://packagist.org/downloads/",
            "license": [
                "LGPL-2.0+"
            ],
            "authors": [
                {
                    "name": "Lars Vierbergen",
                    "email": "vierbergenlars@gmail.com"
                },
                {
                    "name": "Lachlan Donald",
                    "email": "lachlan@ljd.cc"
                },
                {
                    "name": "Marcus Baker",
                    "email": "marcus@lastcraft.com",
                    "role": "Original project lead"
                },
                {
                    "name": "Jason Sweat",
                    "role": "Original developer"
                },
                {
                    "name": "Travis Swicegood",
                    "role": "Original developer"
                },
                {
                    "name": "Perrick Penet",
                    "role": "Original developer"
                },
                {
                    "name": "Edward Z. Yang",
                    "role": "Original developer"
                }
            ],
            "description": "Unit testing, mock objects and web testing framework for PHP built around test cases.",
            "homepage": "http://simpletest.org/",
            "keywords": [
                "SimpleTest",
                "code-coverage",
                "selenium",
                "testing",
                "unit-test"
            ],
            "time": "2015-09-21 18:19:52"
        }
    ],
    "aliases": [],
    "minimum-stability": "stable",
    "stability-flags": [],
    "prefer-stable": false,
    "prefer-lowest": false,
    "platform": [],
    "platform-dev": []
}
